// !$*UTF8*$!
{
	archiveVersion = 1;
	classes = {
	};
	objectVersion = 46;
	objects = {

/* Begin PBXBuildFile section */
		9602A1D218C1F324002FD8C5 /* plist.h in Headers */ = {isa = PBXBuildFile; fileRef = 96519CF518BD2EA0009DEBFD /* plist.h */; settings = {ATTRIBUTES = (Private, ); }; };
		9602A1D418C1F324002FD8C5 /* ptrarray.c in Sources */ = {isa = PBXBuildFile; fileRef = 9649457818BCF1DA00EDE08B /* ptrarray.c */; };
		9602A1D518C1F324002FD8C5 /* node_iterator.c in Sources */ = {isa = PBXBuildFile; fileRef = 9649459018BCF24400EDE08B /* node_iterator.c */; };
		9602A1D618C1F324002FD8C5 /* hashtable.c in Sources */ = {isa = PBXBuildFile; fileRef = 9649457618BCF1DA00EDE08B /* hashtable.c */; };
		9602A1D718C1F324002FD8C5 /* list.c in Sources */ = {isa = PBXBuildFile; fileRef = 964945BF18BD0CBE00EDE08B /* list.c */; };
		9602A1D818C1F324002FD8C5 /* plist.c in Sources */ = {isa = PBXBuildFile; fileRef = 9649457718BCF1DA00EDE08B /* plist.c */; };
		9602A1D918C1F324002FD8C5 /* base64.c in Sources */ = {isa = PBXBuildFile; fileRef = 9649457318BCF1DA00EDE08B /* base64.c */; };
		9602A1DA18C1F324002FD8C5 /* node.c in Sources */ = {isa = PBXBuildFile; fileRef = 9649459218BCF24400EDE08B /* node.c */; };
		9602A1DB18C1F324002FD8C5 /* node_list.c in Sources */ = {isa = PBXBuildFile; fileRef = 9649459118BCF24400EDE08B /* node_list.c */; };
		9602A1DC18C1F324002FD8C5 /* iterator.c in Sources */ = {isa = PBXBuildFile; fileRef = 9649458F18BCF24400EDE08B /* iterator.c */; };
		9602A1DD18C1F324002FD8C5 /* xplist.c in Sources */ = {isa = PBXBuildFile; fileRef = 9649457918BCF1DA00EDE08B /* xplist.c */; };
		9602A1DE18C1F324002FD8C5 /* bplist.c in Sources */ = {isa = PBXBuildFile; fileRef = 9649457418BCF1DA00EDE08B /* bplist.c */; };
		9602A1DF18C1F324002FD8C5 /* bytearray.c in Sources */ = {isa = PBXBuildFile; fileRef = 9649457518BCF1DA00EDE08B /* bytearray.c */; };
		9602A1E718C1F388002FD8C5 /* plist.h in Headers */ = {isa = PBXBuildFile; fileRef = 96519CF518BD2EA0009DEBFD /* plist.h */; settings = {ATTRIBUTES = (Public, ); }; };
		9602A1E918C1F388002FD8C5 /* ptrarray.c in Sources */ = {isa = PBXBuildFile; fileRef = 9649457818BCF1DA00EDE08B /* ptrarray.c */; };
		9602A1EA18C1F388002FD8C5 /* node_iterator.c in Sources */ = {isa = PBXBuildFile; fileRef = 9649459018BCF24400EDE08B /* node_iterator.c */; };
		9602A1EB18C1F388002FD8C5 /* hashtable.c in Sources */ = {isa = PBXBuildFile; fileRef = 9649457618BCF1DA00EDE08B /* hashtable.c */; };
		9602A1EC18C1F388002FD8C5 /* list.c in Sources */ = {isa = PBXBuildFile; fileRef = 964945BF18BD0CBE00EDE08B /* list.c */; };
		9602A1ED18C1F388002FD8C5 /* plist.c in Sources */ = {isa = PBXBuildFile; fileRef = 9649457718BCF1DA00EDE08B /* plist.c */; };
		9602A1EE18C1F388002FD8C5 /* base64.c in Sources */ = {isa = PBXBuildFile; fileRef = 9649457318BCF1DA00EDE08B /* base64.c */; };
		9602A1EF18C1F388002FD8C5 /* node.c in Sources */ = {isa = PBXBuildFile; fileRef = 9649459218BCF24400EDE08B /* node.c */; };
		9602A1F018C1F388002FD8C5 /* node_list.c in Sources */ = {isa = PBXBuildFile; fileRef = 9649459118BCF24400EDE08B /* node_list.c */; };
		9602A1F118C1F388002FD8C5 /* iterator.c in Sources */ = {isa = PBXBuildFile; fileRef = 9649458F18BCF24400EDE08B /* iterator.c */; };
		9602A1F218C1F388002FD8C5 /* xplist.c in Sources */ = {isa = PBXBuildFile; fileRef = 9649457918BCF1DA00EDE08B /* xplist.c */; };
		9602A1F318C1F388002FD8C5 /* bplist.c in Sources */ = {isa = PBXBuildFile; fileRef = 9649457418BCF1DA00EDE08B /* bplist.c */; };
		9602A1F418C1F388002FD8C5 /* bytearray.c in Sources */ = {isa = PBXBuildFile; fileRef = 9649457518BCF1DA00EDE08B /* bytearray.c */; };
		9602A1F618C1F388002FD8C5 /* libxml2.dylib in Frameworks */ = {isa = PBXBuildFile; fileRef = 964945BD18BD0C5700EDE08B /* libxml2.dylib */; };
		9602A20718C1F5BA002FD8C5 /* Array.cpp in Sources */ = {isa = PBXBuildFile; fileRef = 9602A1FB18C1F5BA002FD8C5 /* Array.cpp */; };
		9602A20818C1F5BA002FD8C5 /* Array.cpp in Sources */ = {isa = PBXBuildFile; fileRef = 9602A1FB18C1F5BA002FD8C5 /* Array.cpp */; };
		9602A20918C1F5BA002FD8C5 /* Boolean.cpp in Sources */ = {isa = PBXBuildFile; fileRef = 9602A1FC18C1F5BA002FD8C5 /* Boolean.cpp */; };
		9602A20A18C1F5BA002FD8C5 /* Boolean.cpp in Sources */ = {isa = PBXBuildFile; fileRef = 9602A1FC18C1F5BA002FD8C5 /* Boolean.cpp */; };
		9602A20B18C1F5BA002FD8C5 /* Data.cpp in Sources */ = {isa = PBXBuildFile; fileRef = 9602A1FD18C1F5BA002FD8C5 /* Data.cpp */; };
		9602A20C18C1F5BA002FD8C5 /* Data.cpp in Sources */ = {isa = PBXBuildFile; fileRef = 9602A1FD18C1F5BA002FD8C5 /* Data.cpp */; };
		9602A20D18C1F5BA002FD8C5 /* Date.cpp in Sources */ = {isa = PBXBuildFile; fileRef = 9602A1FE18C1F5BA002FD8C5 /* Date.cpp */; };
		9602A20E18C1F5BA002FD8C5 /* Date.cpp in Sources */ = {isa = PBXBuildFile; fileRef = 9602A1FE18C1F5BA002FD8C5 /* Date.cpp */; };
		9602A20F18C1F5BA002FD8C5 /* Dictionary.cpp in Sources */ = {isa = PBXBuildFile; fileRef = 9602A1FF18C1F5BA002FD8C5 /* Dictionary.cpp */; };
		9602A21018C1F5BA002FD8C5 /* Dictionary.cpp in Sources */ = {isa = PBXBuildFile; fileRef = 9602A1FF18C1F5BA002FD8C5 /* Dictionary.cpp */; };
		9602A21118C1F5BA002FD8C5 /* Integer.cpp in Sources */ = {isa = PBXBuildFile; fileRef = 9602A20018C1F5BA002FD8C5 /* Integer.cpp */; };
		9602A21218C1F5BA002FD8C5 /* Integer.cpp in Sources */ = {isa = PBXBuildFile; fileRef = 9602A20018C1F5BA002FD8C5 /* Integer.cpp */; };
		9602A21318C1F5BA002FD8C5 /* Key.cpp in Sources */ = {isa = PBXBuildFile; fileRef = 9602A20118C1F5BA002FD8C5 /* Key.cpp */; };
		9602A21418C1F5BA002FD8C5 /* Key.cpp in Sources */ = {isa = PBXBuildFile; fileRef = 9602A20118C1F5BA002FD8C5 /* Key.cpp */; };
		9602A21518C1F5BA002FD8C5 /* Node.cpp in Sources */ = {isa = PBXBuildFile; fileRef = 9602A20218C1F5BA002FD8C5 /* Node.cpp */; };
		9602A21618C1F5BA002FD8C5 /* Node.cpp in Sources */ = {isa = PBXBuildFile; fileRef = 9602A20218C1F5BA002FD8C5 /* Node.cpp */; };
		9602A21718C1F5BA002FD8C5 /* Real.cpp in Sources */ = {isa = PBXBuildFile; fileRef = 9602A20318C1F5BA002FD8C5 /* Real.cpp */; };
		9602A21818C1F5BA002FD8C5 /* Real.cpp in Sources */ = {isa = PBXBuildFile; fileRef = 9602A20318C1F5BA002FD8C5 /* Real.cpp */; };
		9602A21918C1F5BA002FD8C5 /* String.cpp in Sources */ = {isa = PBXBuildFile; fileRef = 9602A20418C1F5BA002FD8C5 /* String.cpp */; };
		9602A21A18C1F5BA002FD8C5 /* String.cpp in Sources */ = {isa = PBXBuildFile; fileRef = 9602A20418C1F5BA002FD8C5 /* String.cpp */; };
		9602A21B18C1F5BA002FD8C5 /* Structure.cpp in Sources */ = {isa = PBXBuildFile; fileRef = 9602A20518C1F5BA002FD8C5 /* Structure.cpp */; };
		9602A21C18C1F5BA002FD8C5 /* Structure.cpp in Sources */ = {isa = PBXBuildFile; fileRef = 9602A20518C1F5BA002FD8C5 /* Structure.cpp */; };
		9602A21D18C1F5BA002FD8C5 /* Uid.cpp in Sources */ = {isa = PBXBuildFile; fileRef = 9602A20618C1F5BA002FD8C5 /* Uid.cpp */; };
		9602A21E18C1F5BA002FD8C5 /* Uid.cpp in Sources */ = {isa = PBXBuildFile; fileRef = 9602A20618C1F5BA002FD8C5 /* Uid.cpp */; };
		9602A22C18C1F85F002FD8C5 /* Array.h in Headers */ = {isa = PBXBuildFile; fileRef = 9602A21F18C1F85F002FD8C5 /* Array.h */; settings = {ATTRIBUTES = (Private, ); }; };
		9602A22D18C1F85F002FD8C5 /* Array.h in Headers */ = {isa = PBXBuildFile; fileRef = 9602A21F18C1F85F002FD8C5 /* Array.h */; settings = {ATTRIBUTES = (Public, ); }; };
		9602A22E18C1F85F002FD8C5 /* Boolean.h in Headers */ = {isa = PBXBuildFile; fileRef = 9602A22018C1F85F002FD8C5 /* Boolean.h */; settings = {ATTRIBUTES = (Private, ); }; };
		9602A22F18C1F85F002FD8C5 /* Boolean.h in Headers */ = {isa = PBXBuildFile; fileRef = 9602A22018C1F85F002FD8C5 /* Boolean.h */; settings = {ATTRIBUTES = (Public, ); }; };
		9602A23018C1F85F002FD8C5 /* Data.h in Headers */ = {isa = PBXBuildFile; fileRef = 9602A22118C1F85F002FD8C5 /* Data.h */; settings = {ATTRIBUTES = (Private, ); }; };
		9602A23118C1F85F002FD8C5 /* Data.h in Headers */ = {isa = PBXBuildFile; fileRef = 9602A22118C1F85F002FD8C5 /* Data.h */; settings = {ATTRIBUTES = (Public, ); }; };
		9602A23218C1F85F002FD8C5 /* Date.h in Headers */ = {isa = PBXBuildFile; fileRef = 9602A22218C1F85F002FD8C5 /* Date.h */; settings = {ATTRIBUTES = (Private, ); }; };
		9602A23318C1F85F002FD8C5 /* Date.h in Headers */ = {isa = PBXBuildFile; fileRef = 9602A22218C1F85F002FD8C5 /* Date.h */; settings = {ATTRIBUTES = (Public, ); }; };
		9602A23418C1F85F002FD8C5 /* Dictionary.h in Headers */ = {isa = PBXBuildFile; fileRef = 9602A22318C1F85F002FD8C5 /* Dictionary.h */; settings = {ATTRIBUTES = (Private, ); }; };
		9602A23518C1F85F002FD8C5 /* Dictionary.h in Headers */ = {isa = PBXBuildFile; fileRef = 9602A22318C1F85F002FD8C5 /* Dictionary.h */; settings = {ATTRIBUTES = (Public, ); }; };
		9602A23618C1F85F002FD8C5 /* Integer.h in Headers */ = {isa = PBXBuildFile; fileRef = 9602A22418C1F85F002FD8C5 /* Integer.h */; settings = {ATTRIBUTES = (Private, ); }; };
		9602A23718C1F85F002FD8C5 /* Integer.h in Headers */ = {isa = PBXBuildFile; fileRef = 9602A22418C1F85F002FD8C5 /* Integer.h */; settings = {ATTRIBUTES = (Public, ); }; };
		9602A23818C1F85F002FD8C5 /* Key.h in Headers */ = {isa = PBXBuildFile; fileRef = 9602A22518C1F85F002FD8C5 /* Key.h */; settings = {ATTRIBUTES = (Private, ); }; };
		9602A23918C1F85F002FD8C5 /* Key.h in Headers */ = {isa = PBXBuildFile; fileRef = 9602A22518C1F85F002FD8C5 /* Key.h */; settings = {ATTRIBUTES = (Public, ); }; };
		9602A23A18C1F85F002FD8C5 /* Node.h in Headers */ = {isa = PBXBuildFile; fileRef = 9602A22618C1F85F002FD8C5 /* Node.h */; settings = {ATTRIBUTES = (Private, ); }; };
		9602A23B18C1F85F002FD8C5 /* Node.h in Headers */ = {isa = PBXBuildFile; fileRef = 9602A22618C1F85F002FD8C5 /* Node.h */; settings = {ATTRIBUTES = (Public, ); }; };
		9602A23C18C1F85F002FD8C5 /* plist++.h in Headers */ = {isa = PBXBuildFile; fileRef = 9602A22718C1F85F002FD8C5 /* plist++.h */; settings = {ATTRIBUTES = (Private, ); }; };
		9602A23D18C1F85F002FD8C5 /* plist++.h in Headers */ = {isa = PBXBuildFile; fileRef = 9602A22718C1F85F002FD8C5 /* plist++.h */; settings = {ATTRIBUTES = (Public, ); }; };
		9602A23E18C1F85F002FD8C5 /* Real.h in Headers */ = {isa = PBXBuildFile; fileRef = 9602A22818C1F85F002FD8C5 /* Real.h */; settings = {ATTRIBUTES = (Private, ); }; };
		9602A23F18C1F85F002FD8C5 /* Real.h in Headers */ = {isa = PBXBuildFile; fileRef = 9602A22818C1F85F002FD8C5 /* Real.h */; settings = {ATTRIBUTES = (Public, ); }; };
		9602A24018C1F85F002FD8C5 /* String.h in Headers */ = {isa = PBXBuildFile; fileRef = 9602A22918C1F85F002FD8C5 /* String.h */; settings = {ATTRIBUTES = (Private, ); }; };
		9602A24118C1F85F002FD8C5 /* String.h in Headers */ = {isa = PBXBuildFile; fileRef = 9602A22918C1F85F002FD8C5 /* String.h */; settings = {ATTRIBUTES = (Public, ); }; };
		9602A24218C1F85F002FD8C5 /* Structure.h in Headers */ = {isa = PBXBuildFile; fileRef = 9602A22A18C1F85F002FD8C5 /* Structure.h */; settings = {ATTRIBUTES = (Private, ); }; };
		9602A24318C1F85F002FD8C5 /* Structure.h in Headers */ = {isa = PBXBuildFile; fileRef = 9602A22A18C1F85F002FD8C5 /* Structure.h */; settings = {ATTRIBUTES = (Public, ); }; };
		9602A24418C1F85F002FD8C5 /* Uid.h in Headers */ = {isa = PBXBuildFile; fileRef = 9602A22B18C1F85F002FD8C5 /* Uid.h */; settings = {ATTRIBUTES = (Private, ); }; };
		9602A24518C1F85F002FD8C5 /* Uid.h in Headers */ = {isa = PBXBuildFile; fileRef = 9602A22B18C1F85F002FD8C5 /* Uid.h */; settings = {ATTRIBUTES = (Public, ); }; };
		9649457A18BCF1DA00EDE08B /* base64.c in Sources */ = {isa = PBXBuildFile; fileRef = 9649457318BCF1DA00EDE08B /* base64.c */; };
		9649457B18BCF1DA00EDE08B /* bplist.c in Sources */ = {isa = PBXBuildFile; fileRef = 9649457418BCF1DA00EDE08B /* bplist.c */; };
		9649457C18BCF1DA00EDE08B /* bytearray.c in Sources */ = {isa = PBXBuildFile; fileRef = 9649457518BCF1DA00EDE08B /* bytearray.c */; };
		9649457D18BCF1DA00EDE08B /* hashtable.c in Sources */ = {isa = PBXBuildFile; fileRef = 9649457618BCF1DA00EDE08B /* hashtable.c */; };
		9649457E18BCF1DA00EDE08B /* plist.c in Sources */ = {isa = PBXBuildFile; fileRef = 9649457718BCF1DA00EDE08B /* plist.c */; };
		9649457F18BCF1DA00EDE08B /* ptrarray.c in Sources */ = {isa = PBXBuildFile; fileRef = 9649457818BCF1DA00EDE08B /* ptrarray.c */; };
		9649458018BCF1DA00EDE08B /* xplist.c in Sources */ = {isa = PBXBuildFile; fileRef = 9649457918BCF1DA00EDE08B /* xplist.c */; };
		9649459418BCF24400EDE08B /* iterator.c in Sources */ = {isa = PBXBuildFile; fileRef = 9649458F18BCF24400EDE08B /* iterator.c */; };
		9649459518BCF24400EDE08B /* node_iterator.c in Sources */ = {isa = PBXBuildFile; fileRef = 9649459018BCF24400EDE08B /* node_iterator.c */; };
		9649459618BCF24400EDE08B /* node_list.c in Sources */ = {isa = PBXBuildFile; fileRef = 9649459118BCF24400EDE08B /* node_list.c */; };
		9649459718BCF24400EDE08B /* node.c in Sources */ = {isa = PBXBuildFile; fileRef = 9649459218BCF24400EDE08B /* node.c */; };
		964945AD18BD08A000EDE08B /* ptrarray.c in Sources */ = {isa = PBXBuildFile; fileRef = 9649457818BCF1DA00EDE08B /* ptrarray.c */; };
		964945AE18BD08A000EDE08B /* node_iterator.c in Sources */ = {isa = PBXBuildFile; fileRef = 9649459018BCF24400EDE08B /* node_iterator.c */; };
		964945AF18BD08A000EDE08B /* hashtable.c in Sources */ = {isa = PBXBuildFile; fileRef = 9649457618BCF1DA00EDE08B /* hashtable.c */; };
		964945B018BD08A000EDE08B /* plist.c in Sources */ = {isa = PBXBuildFile; fileRef = 9649457718BCF1DA00EDE08B /* plist.c */; };
		964945B118BD08A000EDE08B /* base64.c in Sources */ = {isa = PBXBuildFile; fileRef = 9649457318BCF1DA00EDE08B /* base64.c */; };
		964945B218BD08A000EDE08B /* node.c in Sources */ = {isa = PBXBuildFile; fileRef = 9649459218BCF24400EDE08B /* node.c */; };
		964945B318BD08A000EDE08B /* node_list.c in Sources */ = {isa = PBXBuildFile; fileRef = 9649459118BCF24400EDE08B /* node_list.c */; };
		964945B418BD08A000EDE08B /* iterator.c in Sources */ = {isa = PBXBuildFile; fileRef = 9649458F18BCF24400EDE08B /* iterator.c */; };
		964945B518BD08A000EDE08B /* xplist.c in Sources */ = {isa = PBXBuildFile; fileRef = 9649457918BCF1DA00EDE08B /* xplist.c */; };
		964945B618BD08A000EDE08B /* bplist.c in Sources */ = {isa = PBXBuildFile; fileRef = 9649457418BCF1DA00EDE08B /* bplist.c */; };
		964945B718BD08A000EDE08B /* bytearray.c in Sources */ = {isa = PBXBuildFile; fileRef = 9649457518BCF1DA00EDE08B /* bytearray.c */; };
		964945BE18BD0C5700EDE08B /* libxml2.dylib in Frameworks */ = {isa = PBXBuildFile; fileRef = 964945BD18BD0C5700EDE08B /* libxml2.dylib */; };
		964945C018BD0CBE00EDE08B /* list.c in Sources */ = {isa = PBXBuildFile; fileRef = 964945BF18BD0CBE00EDE08B /* list.c */; };
		964945C118BD0CBE00EDE08B /* list.c in Sources */ = {isa = PBXBuildFile; fileRef = 964945BF18BD0CBE00EDE08B /* list.c */; };
		96519CF618BD2EB8009DEBFD /* plist.h in Headers */ = {isa = PBXBuildFile; fileRef = 96519CF518BD2EA0009DEBFD /* plist.h */; settings = {ATTRIBUTES = (Private, ); }; };
		96519CF718BD2EC4009DEBFD /* plist.h in Headers */ = {isa = PBXBuildFile; fileRef = 96519CF518BD2EA0009DEBFD /* plist.h */; settings = {ATTRIBUTES = (Public, ); }; };
/* End PBXBuildFile section */

/* Begin PBXFileReference section */
		9602A1E418C1F324002FD8C5 /* libplist++.a */ = {isa = PBXFileReference; explicitFileType = archive.ar; includeInIndex = 0; path = "libplist++.a"; sourceTree = BUILT_PRODUCTS_DIR; };
		9602A1FA18C1F388002FD8C5 /* libplist++.dylib */ = {isa = PBXFileReference; explicitFileType = archive.ar; includeInIndex = 0; path = "libplist++.dylib"; sourceTree = BUILT_PRODUCTS_DIR; };
		9602A1FB18C1F5BA002FD8C5 /* Array.cpp */ = {isa = PBXFileReference; fileEncoding = 4; lastKnownFileType = sourcecode.cpp.cpp; name = Array.cpp; path = src/Array.cpp; sourceTree = "<group>"; };
		9602A1FC18C1F5BA002FD8C5 /* Boolean.cpp */ = {isa = PBXFileReference; fileEncoding = 4; lastKnownFileType = sourcecode.cpp.cpp; name = Boolean.cpp; path = src/Boolean.cpp; sourceTree = "<group>"; };
		9602A1FD18C1F5BA002FD8C5 /* Data.cpp */ = {isa = PBXFileReference; fileEncoding = 4; lastKnownFileType = sourcecode.cpp.cpp; name = Data.cpp; path = src/Data.cpp; sourceTree = "<group>"; };
		9602A1FE18C1F5BA002FD8C5 /* Date.cpp */ = {isa = PBXFileReference; fileEncoding = 4; lastKnownFileType = sourcecode.cpp.cpp; name = Date.cpp; path = src/Date.cpp; sourceTree = "<group>"; };
		9602A1FF18C1F5BA002FD8C5 /* Dictionary.cpp */ = {isa = PBXFileReference; fileEncoding = 4; lastKnownFileType = sourcecode.cpp.cpp; name = Dictionary.cpp; path = src/Dictionary.cpp; sourceTree = "<group>"; };
		9602A20018C1F5BA002FD8C5 /* Integer.cpp */ = {isa = PBXFileReference; fileEncoding = 4; lastKnownFileType = sourcecode.cpp.cpp; name = Integer.cpp; path = src/Integer.cpp; sourceTree = "<group>"; };
		9602A20118C1F5BA002FD8C5 /* Key.cpp */ = {isa = PBXFileReference; fileEncoding = 4; lastKnownFileType = sourcecode.cpp.cpp; name = Key.cpp; path = src/Key.cpp; sourceTree = "<group>"; };
		9602A20218C1F5BA002FD8C5 /* Node.cpp */ = {isa = PBXFileReference; fileEncoding = 4; lastKnownFileType = sourcecode.cpp.cpp; name = Node.cpp; path = src/Node.cpp; sourceTree = "<group>"; };
		9602A20318C1F5BA002FD8C5 /* Real.cpp */ = {isa = PBXFileReference; fileEncoding = 4; lastKnownFileType = sourcecode.cpp.cpp; name = Real.cpp; path = src/Real.cpp; sourceTree = "<group>"; };
		9602A20418C1F5BA002FD8C5 /* String.cpp */ = {isa = PBXFileReference; fileEncoding = 4; lastKnownFileType = sourcecode.cpp.cpp; name = String.cpp; path = src/String.cpp; sourceTree = "<group>"; };
		9602A20518C1F5BA002FD8C5 /* Structure.cpp */ = {isa = PBXFileReference; fileEncoding = 4; lastKnownFileType = sourcecode.cpp.cpp; name = Structure.cpp; path = src/Structure.cpp; sourceTree = "<group>"; };
		9602A20618C1F5BA002FD8C5 /* Uid.cpp */ = {isa = PBXFileReference; fileEncoding = 4; lastKnownFileType = sourcecode.cpp.cpp; name = Uid.cpp; path = src/Uid.cpp; sourceTree = "<group>"; };
		9602A21F18C1F85F002FD8C5 /* Array.h */ = {isa = PBXFileReference; fileEncoding = 4; lastKnownFileType = sourcecode.c.h; name = Array.h; path = include/plist/Array.h; sourceTree = "<group>"; };
		9602A22018C1F85F002FD8C5 /* Boolean.h */ = {isa = PBXFileReference; fileEncoding = 4; lastKnownFileType = sourcecode.c.h; name = Boolean.h; path = include/plist/Boolean.h; sourceTree = "<group>"; };
		9602A22118C1F85F002FD8C5 /* Data.h */ = {isa = PBXFileReference; fileEncoding = 4; lastKnownFileType = sourcecode.c.h; name = Data.h; path = include/plist/Data.h; sourceTree = "<group>"; };
		9602A22218C1F85F002FD8C5 /* Date.h */ = {isa = PBXFileReference; fileEncoding = 4; lastKnownFileType = sourcecode.c.h; name = Date.h; path = include/plist/Date.h; sourceTree = "<group>"; };
		9602A22318C1F85F002FD8C5 /* Dictionary.h */ = {isa = PBXFileReference; fileEncoding = 4; lastKnownFileType = sourcecode.c.h; name = Dictionary.h; path = include/plist/Dictionary.h; sourceTree = "<group>"; };
		9602A22418C1F85F002FD8C5 /* Integer.h */ = {isa = PBXFileReference; fileEncoding = 4; lastKnownFileType = sourcecode.c.h; name = Integer.h; path = include/plist/Integer.h; sourceTree = "<group>"; };
		9602A22518C1F85F002FD8C5 /* Key.h */ = {isa = PBXFileReference; fileEncoding = 4; lastKnownFileType = sourcecode.c.h; name = Key.h; path = include/plist/Key.h; sourceTree = "<group>"; };
		9602A22618C1F85F002FD8C5 /* Node.h */ = {isa = PBXFileReference; fileEncoding = 4; lastKnownFileType = sourcecode.c.h; name = Node.h; path = include/plist/Node.h; sourceTree = "<group>"; };
		9602A22718C1F85F002FD8C5 /* plist++.h */ = {isa = PBXFileReference; fileEncoding = 4; lastKnownFileType = sourcecode.c.h; name = "plist++.h"; path = "include/plist/plist++.h"; sourceTree = "<group>"; };
		9602A22818C1F85F002FD8C5 /* Real.h */ = {isa = PBXFileReference; fileEncoding = 4; lastKnownFileType = sourcecode.c.h; name = Real.h; path = include/plist/Real.h; sourceTree = "<group>"; };
		9602A22918C1F85F002FD8C5 /* String.h */ = {isa = PBXFileReference; fileEncoding = 4; lastKnownFileType = sourcecode.c.h; name = String.h; path = include/plist/String.h; sourceTree = "<group>"; };
		9602A22A18C1F85F002FD8C5 /* Structure.h */ = {isa = PBXFileReference; fileEncoding = 4; lastKnownFileType = sourcecode.c.h; name = Structure.h; path = include/plist/Structure.h; sourceTree = "<group>"; };
		9602A22B18C1F85F002FD8C5 /* Uid.h */ = {isa = PBXFileReference; fileEncoding = 4; lastKnownFileType = sourcecode.c.h; name = Uid.h; path = include/plist/Uid.h; sourceTree = "<group>"; };
		9649456E18BCF1C900EDE08B /* libplist.a */ = {isa = PBXFileReference; explicitFileType = archive.ar; includeInIndex = 0; path = libplist.a; sourceTree = BUILT_PRODUCTS_DIR; };
		9649457318BCF1DA00EDE08B /* base64.c */ = {isa = PBXFileReference; fileEncoding = 4; lastKnownFileType = sourcecode.c.c; name = base64.c; path = src/base64.c; sourceTree = "<group>"; };
		9649457418BCF1DA00EDE08B /* bplist.c */ = {isa = PBXFileReference; fileEncoding = 4; lastKnownFileType = sourcecode.c.c; name = bplist.c; path = src/bplist.c; sourceTree = "<group>"; };
		9649457518BCF1DA00EDE08B /* bytearray.c */ = {isa = PBXFileReference; fileEncoding = 4; lastKnownFileType = sourcecode.c.c; name = bytearray.c; path = src/bytearray.c; sourceTree = "<group>"; };
		9649457618BCF1DA00EDE08B /* hashtable.c */ = {isa = PBXFileReference; fileEncoding = 4; lastKnownFileType = sourcecode.c.c; name = hashtable.c; path = src/hashtable.c; sourceTree = "<group>"; };
		9649457718BCF1DA00EDE08B /* plist.c */ = {isa = PBXFileReference; fileEncoding = 4; lastKnownFileType = sourcecode.c.c; name = plist.c; path = src/plist.c; sourceTree = "<group>"; };
		9649457818BCF1DA00EDE08B /* ptrarray.c */ = {isa = PBXFileReference; fileEncoding = 4; lastKnownFileType = sourcecode.c.c; name = ptrarray.c; path = src/ptrarray.c; sourceTree = "<group>"; };
		9649457918BCF1DA00EDE08B /* xplist.c */ = {isa = PBXFileReference; fileEncoding = 4; lastKnownFileType = sourcecode.c.c; name = xplist.c; path = src/xplist.c; sourceTree = "<group>"; };
		9649458118BCF20400EDE08B /* base64.h */ = {isa = PBXFileReference; fileEncoding = 4; lastKnownFileType = sourcecode.c.h; name = base64.h; path = src/base64.h; sourceTree = "<group>"; };
		9649458218BCF20400EDE08B /* bytearray.h */ = {isa = PBXFileReference; fileEncoding = 4; lastKnownFileType = sourcecode.c.h; name = bytearray.h; path = src/bytearray.h; sourceTree = "<group>"; };
		9649458318BCF20400EDE08B /* common.h */ = {isa = PBXFileReference; fileEncoding = 4; lastKnownFileType = sourcecode.c.h; name = common.h; path = src/common.h; sourceTree = "<group>"; };
		9649458418BCF20400EDE08B /* hashtable.h */ = {isa = PBXFileReference; fileEncoding = 4; lastKnownFileType = sourcecode.c.h; name = hashtable.h; path = src/hashtable.h; sourceTree = "<group>"; };
		9649458518BCF20400EDE08B /* plist.h */ = {isa = PBXFileReference; fileEncoding = 4; lastKnownFileType = sourcecode.c.h; name = plist.h; path = src/plist.h; sourceTree = "<group>"; };
		9649458618BCF20400EDE08B /* ptrarray.h */ = {isa = PBXFileReference; fileEncoding = 4; lastKnownFileType = sourcecode.c.h; name = ptrarray.h; path = src/ptrarray.h; sourceTree = "<group>"; };
		9649458E18BCF24400EDE08B /* cnary.c */ = {isa = PBXFileReference; fileEncoding = 4; lastKnownFileType = sourcecode.c.c; name = cnary.c; path = libcnary/cnary.c; sourceTree = "<group>"; };
		9649458F18BCF24400EDE08B /* iterator.c */ = {isa = PBXFileReference; fileEncoding = 4; lastKnownFileType = sourcecode.c.c; name = iterator.c; path = libcnary/iterator.c; sourceTree = "<group>"; };
		9649459018BCF24400EDE08B /* node_iterator.c */ = {isa = PBXFileReference; fileEncoding = 4; lastKnownFileType = sourcecode.c.c; name = node_iterator.c; path = libcnary/node_iterator.c; sourceTree = "<group>"; };
		9649459118BCF24400EDE08B /* node_list.c */ = {isa = PBXFileReference; fileEncoding = 4; lastKnownFileType = sourcecode.c.c; name = node_list.c; path = libcnary/node_list.c; sourceTree = "<group>"; };
		9649459218BCF24400EDE08B /* node.c */ = {isa = PBXFileReference; fileEncoding = 4; lastKnownFileType = sourcecode.c.c; name = node.c; path = libcnary/node.c; sourceTree = "<group>"; };
		9649459918BCF25700EDE08B /* iterator.h */ = {isa = PBXFileReference; fileEncoding = 4; lastKnownFileType = sourcecode.c.h; name = iterator.h; path = libcnary/include/iterator.h; sourceTree = "<group>"; };
		9649459A18BCF25700EDE08B /* list.h */ = {isa = PBXFileReference; fileEncoding = 4; lastKnownFileType = sourcecode.c.h; name = list.h; path = libcnary/include/list.h; sourceTree = "<group>"; };
		9649459B18BCF25700EDE08B /* node_iterator.h */ = {isa = PBXFileReference; fileEncoding = 4; lastKnownFileType = sourcecode.c.h; name = node_iterator.h; path = libcnary/include/node_iterator.h; sourceTree = "<group>"; };
		9649459C18BCF25700EDE08B /* node_list.h */ = {isa = PBXFileReference; fileEncoding = 4; lastKnownFileType = sourcecode.c.h; name = node_list.h; path = libcnary/include/node_list.h; sourceTree = "<group>"; };
		9649459D18BCF25700EDE08B /* node.h */ = {isa = PBXFileReference; fileEncoding = 4; lastKnownFileType = sourcecode.c.h; name = node.h; path = libcnary/include/node.h; sourceTree = "<group>"; };
		9649459E18BCF25700EDE08B /* object.h */ = {isa = PBXFileReference; fileEncoding = 4; lastKnownFileType = sourcecode.c.h; name = object.h; path = libcnary/include/object.h; sourceTree = "<group>"; };
		964945BC18BD08A000EDE08B /* libplist.dylib */ = {isa = PBXFileReference; explicitFileType = archive.ar; includeInIndex = 0; path = libplist.dylib; sourceTree = BUILT_PRODUCTS_DIR; };
		964945BD18BD0C5700EDE08B /* libxml2.dylib */ = {isa = PBXFileReference; lastKnownFileType = "compiled.mach-o.dylib"; name = libxml2.dylib; path = usr/lib/libxml2.dylib; sourceTree = SDKROOT; };
		964945BF18BD0CBE00EDE08B /* list.c */ = {isa = PBXFileReference; fileEncoding = 4; lastKnownFileType = sourcecode.c.c; name = list.c; path = libcnary/list.c; sourceTree = "<group>"; };
		96519CF518BD2EA0009DEBFD /* plist.h */ = {isa = PBXFileReference; lastKnownFileType = sourcecode.c.h; name = plist.h; path = include/plist/plist.h; sourceTree = "<group>"; };
/* End PBXFileReference section */

/* Begin PBXFrameworksBuildPhase section */
		9602A1E018C1F324002FD8C5 /* Frameworks */ = {
			isa = PBXFrameworksBuildPhase;
			buildActionMask = 2147483647;
			files = (
			);
			runOnlyForDeploymentPostprocessing = 0;
		};
		9602A1F518C1F388002FD8C5 /* Frameworks */ = {
			isa = PBXFrameworksBuildPhase;
			buildActionMask = 2147483647;
			files = (
				9602A1F618C1F388002FD8C5 /* libxml2.dylib in Frameworks */,
			);
			runOnlyForDeploymentPostprocessing = 0;
		};
		9649456B18BCF1C900EDE08B /* Frameworks */ = {
			isa = PBXFrameworksBuildPhase;
			buildActionMask = 2147483647;
			files = (
			);
			runOnlyForDeploymentPostprocessing = 0;
		};
		964945B818BD08A000EDE08B /* Frameworks */ = {
			isa = PBXFrameworksBuildPhase;
			buildActionMask = 2147483647;
			files = (
				964945BE18BD0C5700EDE08B /* libxml2.dylib in Frameworks */,
			);
			runOnlyForDeploymentPostprocessing = 0;
		};
/* End PBXFrameworksBuildPhase section */

/* Begin PBXGroup section */
		9602A1CE18C1F28E002FD8C5 /* Libraries and Frameworks */ = {
			isa = PBXGroup;
			children = (
				964945BD18BD0C5700EDE08B /* libxml2.dylib */,
			);
			name = "Libraries and Frameworks";
			sourceTree = "<group>";
		};
		9649456118BCF13E00EDE08B = {
			isa = PBXGroup;
			children = (
				9649458D18BCF22A00EDE08B /* libcnary */,
				9649456818BCF18C00EDE08B /* include */,
				9649456918BCF19800EDE08B /* src */,
				9602A1CE18C1F28E002FD8C5 /* Libraries and Frameworks */,
				9649456F18BCF1C900EDE08B /* Products */,
			);
			sourceTree = "<group>";
		};
		9649456818BCF18C00EDE08B /* include */ = {
			isa = PBXGroup;
			children = (
				96519CF418BD2E81009DEBFD /* plist */,
				9649458318BCF20400EDE08B /* common.h */,
				9649458118BCF20400EDE08B /* base64.h */,
				9649458218BCF20400EDE08B /* bytearray.h */,
				9649458418BCF20400EDE08B /* hashtable.h */,
				9649458518BCF20400EDE08B /* plist.h */,
				9649458618BCF20400EDE08B /* ptrarray.h */,
			);
			name = include;
			sourceTree = "<group>";
		};
		9649456918BCF19800EDE08B /* src */ = {
			isa = PBXGroup;
			children = (
				9649457318BCF1DA00EDE08B /* base64.c */,
				9649457418BCF1DA00EDE08B /* bplist.c */,
				9649457518BCF1DA00EDE08B /* bytearray.c */,
				9649457618BCF1DA00EDE08B /* hashtable.c */,
				9649457718BCF1DA00EDE08B /* plist.c */,
				9649457818BCF1DA00EDE08B /* ptrarray.c */,
				9649457918BCF1DA00EDE08B /* xplist.c */,
				9602A1FB18C1F5BA002FD8C5 /* Array.cpp */,
				9602A1FC18C1F5BA002FD8C5 /* Boolean.cpp */,
				9602A1FD18C1F5BA002FD8C5 /* Data.cpp */,
				9602A1FE18C1F5BA002FD8C5 /* Date.cpp */,
				9602A1FF18C1F5BA002FD8C5 /* Dictionary.cpp */,
				9602A20018C1F5BA002FD8C5 /* Integer.cpp */,
				9602A20118C1F5BA002FD8C5 /* Key.cpp */,
				9602A20218C1F5BA002FD8C5 /* Node.cpp */,
				9602A20318C1F5BA002FD8C5 /* Real.cpp */,
				9602A20418C1F5BA002FD8C5 /* String.cpp */,
				9602A20518C1F5BA002FD8C5 /* Structure.cpp */,
				9602A20618C1F5BA002FD8C5 /* Uid.cpp */,
			);
			name = src;
			sourceTree = "<group>";
		};
		9649456F18BCF1C900EDE08B /* Products */ = {
			isa = PBXGroup;
			children = (
				9649456E18BCF1C900EDE08B /* libplist.a */,
				964945BC18BD08A000EDE08B /* libplist.dylib */,
				9602A1E418C1F324002FD8C5 /* libplist++.a */,
				9602A1FA18C1F388002FD8C5 /* libplist++.dylib */,
			);
			name = Products;
			sourceTree = "<group>";
		};
		9649458D18BCF22A00EDE08B /* libcnary */ = {
			isa = PBXGroup;
			children = (
				9649459818BCF24800EDE08B /* include */,
				9649458E18BCF24400EDE08B /* cnary.c */,
				9649458F18BCF24400EDE08B /* iterator.c */,
				964945BF18BD0CBE00EDE08B /* list.c */,
				9649459018BCF24400EDE08B /* node_iterator.c */,
				9649459118BCF24400EDE08B /* node_list.c */,
				9649459218BCF24400EDE08B /* node.c */,
			);
			name = libcnary;
			sourceTree = "<group>";
		};
		9649459818BCF24800EDE08B /* include */ = {
			isa = PBXGroup;
			children = (
				9649459918BCF25700EDE08B /* iterator.h */,
				9649459A18BCF25700EDE08B /* list.h */,
				9649459B18BCF25700EDE08B /* node_iterator.h */,
				9649459C18BCF25700EDE08B /* node_list.h */,
				9649459D18BCF25700EDE08B /* node.h */,
				9649459E18BCF25700EDE08B /* object.h */,
			);
			name = include;
			sourceTree = "<group>";
		};
		96519CF418BD2E81009DEBFD /* plist */ = {
			isa = PBXGroup;
			children = (
				96519CF518BD2EA0009DEBFD /* plist.h */,
				9602A22718C1F85F002FD8C5 /* plist++.h */,
				9602A21F18C1F85F002FD8C5 /* Array.h */,
				9602A22018C1F85F002FD8C5 /* Boolean.h */,
				9602A22118C1F85F002FD8C5 /* Data.h */,
				9602A22218C1F85F002FD8C5 /* Date.h */,
				9602A22318C1F85F002FD8C5 /* Dictionary.h */,
				9602A22418C1F85F002FD8C5 /* Integer.h */,
				9602A22518C1F85F002FD8C5 /* Key.h */,
				9602A22618C1F85F002FD8C5 /* Node.h */,
				9602A22818C1F85F002FD8C5 /* Real.h */,
				9602A22918C1F85F002FD8C5 /* String.h */,
				9602A22A18C1F85F002FD8C5 /* Structure.h */,
				9602A22B18C1F85F002FD8C5 /* Uid.h */,
			);
			name = plist;
			sourceTree = "<group>";
		};
/* End PBXGroup section */

/* Begin PBXHeadersBuildPhase section */
		9602A1D118C1F324002FD8C5 /* Headers */ = {
			isa = PBXHeadersBuildPhase;
			buildActionMask = 2147483647;
			files = (
				9602A1D218C1F324002FD8C5 /* plist.h in Headers */,
				9602A23C18C1F85F002FD8C5 /* plist++.h in Headers */,
				9602A23218C1F85F002FD8C5 /* Date.h in Headers */,
				9602A23E18C1F85F002FD8C5 /* Real.h in Headers */,
				9602A24218C1F85F002FD8C5 /* Structure.h in Headers */,
				9602A22E18C1F85F002FD8C5 /* Boolean.h in Headers */,
				9602A23418C1F85F002FD8C5 /* Dictionary.h in Headers */,
				9602A24018C1F85F002FD8C5 /* String.h in Headers */,
				9602A24418C1F85F002FD8C5 /* Uid.h in Headers */,
				9602A23618C1F85F002FD8C5 /* Integer.h in Headers */,
				9602A23A18C1F85F002FD8C5 /* Node.h in Headers */,
				9602A23818C1F85F002FD8C5 /* Key.h in Headers */,
				9602A22C18C1F85F002FD8C5 /* Array.h in Headers */,
				9602A23018C1F85F002FD8C5 /* Data.h in Headers */,
			);
			runOnlyForDeploymentPostprocessing = 0;
		};
		9602A1E618C1F388002FD8C5 /* Headers */ = {
			isa = PBXHeadersBuildPhase;
			buildActionMask = 2147483647;
			files = (
				9602A1E718C1F388002FD8C5 /* plist.h in Headers */,
				9602A23D18C1F85F002FD8C5 /* plist++.h in Headers */,
				9602A23F18C1F85F002FD8C5 /* Real.h in Headers */,
				9602A23318C1F85F002FD8C5 /* Date.h in Headers */,
				9602A24318C1F85F002FD8C5 /* Structure.h in Headers */,
				9602A22F18C1F85F002FD8C5 /* Boolean.h in Headers */,
				9602A23518C1F85F002FD8C5 /* Dictionary.h in Headers */,
				9602A24118C1F85F002FD8C5 /* String.h in Headers */,
				9602A24518C1F85F002FD8C5 /* Uid.h in Headers */,
				9602A23718C1F85F002FD8C5 /* Integer.h in Headers */,
				9602A23B18C1F85F002FD8C5 /* Node.h in Headers */,
				9602A23918C1F85F002FD8C5 /* Key.h in Headers */,
				9602A22D18C1F85F002FD8C5 /* Array.h in Headers */,
				9602A23118C1F85F002FD8C5 /* Data.h in Headers */,
			);
			runOnlyForDeploymentPostprocessing = 0;
		};
		9649456C18BCF1C900EDE08B /* Headers */ = {
			isa = PBXHeadersBuildPhase;
			buildActionMask = 2147483647;
			files = (
				96519CF618BD2EB8009DEBFD /* plist.h in Headers */,
			);
			runOnlyForDeploymentPostprocessing = 0;
		};
		964945A618BD08A000EDE08B /* Headers */ = {
			isa = PBXHeadersBuildPhase;
			buildActionMask = 2147483647;
			files = (
				96519CF718BD2EC4009DEBFD /* plist.h in Headers */,
			);
			runOnlyForDeploymentPostprocessing = 0;
		};
/* End PBXHeadersBuildPhase section */

/* Begin PBXNativeTarget section */
		9602A1D018C1F324002FD8C5 /* libplist++-static */ = {
			isa = PBXNativeTarget;
			buildConfigurationList = 9602A1E118C1F324002FD8C5 /* Build configuration list for PBXNativeTarget "libplist++-static" */;
			buildPhases = (
				9602A1D118C1F324002FD8C5 /* Headers */,
				9602A1D318C1F324002FD8C5 /* Sources */,
				9602A1E018C1F324002FD8C5 /* Frameworks */,
			);
			buildRules = (
			);
			dependencies = (
			);
			name = "libplist++-static";
			productName = plist;
			productReference = 9602A1E418C1F324002FD8C5 /* libplist++.a */;
			productType = "com.apple.product-type.library.static";
		};
		9602A1E518C1F388002FD8C5 /* libplist++-dylib */ = {
			isa = PBXNativeTarget;
			buildConfigurationList = 9602A1F718C1F388002FD8C5 /* Build configuration list for PBXNativeTarget "libplist++-dylib" */;
			buildPhases = (
				9602A1E618C1F388002FD8C5 /* Headers */,
				9602A1E818C1F388002FD8C5 /* Sources */,
				9602A1F518C1F388002FD8C5 /* Frameworks */,
			);
			buildRules = (
			);
			dependencies = (
			);
			name = "libplist++-dylib";
			productName = plist;
			productReference = 9602A1FA18C1F388002FD8C5 /* libplist++.dylib */;
			productType = "com.apple.product-type.library.static";
		};
		9649456D18BCF1C900EDE08B /* libplist-static */ = {
			isa = PBXNativeTarget;
			buildConfigurationList = 9649457018BCF1C900EDE08B /* Build configuration list for PBXNativeTarget "libplist-static" */;
			buildPhases = (
				9629594018BE61A90021A1C2 /* Print Environment */,
				9649456C18BCF1C900EDE08B /* Headers */,
				9649456A18BCF1C900EDE08B /* Sources */,
				9649456B18BCF1C900EDE08B /* Frameworks */,
			);
			buildRules = (
			);
			dependencies = (
			);
			name = "libplist-static";
			productName = plist;
			productReference = 9649456E18BCF1C900EDE08B /* libplist.a */;
			productType = "com.apple.product-type.library.static";
		};
		964945A518BD08A000EDE08B /* libplist-dylib */ = {
			isa = PBXNativeTarget;
			buildConfigurationList = 964945B918BD08A000EDE08B /* Build configuration list for PBXNativeTarget "libplist-dylib" */;
			buildPhases = (
				964945A618BD08A000EDE08B /* Headers */,
				964945AC18BD08A000EDE08B /* Sources */,
				964945B818BD08A000EDE08B /* Frameworks */,
			);
			buildRules = (
			);
			dependencies = (
			);
			name = "libplist-dylib";
			productName = plist;
			productReference = 964945BC18BD08A000EDE08B /* libplist.dylib */;
			productType = "com.apple.product-type.library.static";
		};
/* End PBXNativeTarget section */

/* Begin PBXProject section */
		9649456218BCF13E00EDE08B /* Project object */ = {
			isa = PBXProject;
			attributes = {
				LastUpgradeCheck = 0510;
			};
			buildConfigurationList = 9649456518BCF13E00EDE08B /* Build configuration list for PBXProject "libplist" */;
			compatibilityVersion = "Xcode 3.2";
			developmentRegion = English;
			hasScannedForEncodings = 0;
			knownRegions = (
				en,
			);
			mainGroup = 9649456118BCF13E00EDE08B;
			productRefGroup = 9649456F18BCF1C900EDE08B /* Products */;
			projectDirPath = "";
			projectRoot = "";
			targets = (
				9649456D18BCF1C900EDE08B /* libplist-static */,
				964945A518BD08A000EDE08B /* libplist-dylib */,
				9602A1D018C1F324002FD8C5 /* libplist++-static */,
				9602A1E518C1F388002FD8C5 /* libplist++-dylib */,
			);
		};
/* End PBXProject section */

/* Begin PBXShellScriptBuildPhase section */
		9629594018BE61A90021A1C2 /* Print Environment */ = {
			isa = PBXShellScriptBuildPhase;
			buildActionMask = 2147483647;
			files = (
			);
			inputPaths = (
			);
			name = "Print Environment";
			outputPaths = (
			);
			runOnlyForDeploymentPostprocessing = 0;
			shellPath = /bin/sh;
			shellScript = "";
		};
/* End PBXShellScriptBuildPhase section */

/* Begin PBXSourcesBuildPhase section */
		9602A1D318C1F324002FD8C5 /* Sources */ = {
			isa = PBXSourcesBuildPhase;
			buildActionMask = 2147483647;
			files = (
				9602A1D718C1F324002FD8C5 /* list.c in Sources */,
				9602A1DA18C1F324002FD8C5 /* node.c in Sources */,
				9602A1DC18C1F324002FD8C5 /* iterator.c in Sources */,
				9602A1DB18C1F324002FD8C5 /* node_list.c in Sources */,
				9602A1D518C1F324002FD8C5 /* node_iterator.c in Sources */,
				9602A1DF18C1F324002FD8C5 /* bytearray.c in Sources */,
				9602A1D418C1F324002FD8C5 /* ptrarray.c in Sources */,
				9602A1D618C1F324002FD8C5 /* hashtable.c in Sources */,
				9602A1D818C1F324002FD8C5 /* plist.c in Sources */,
				9602A1D918C1F324002FD8C5 /* base64.c in Sources */,
				9602A1DE18C1F324002FD8C5 /* bplist.c in Sources */,
				9602A1DD18C1F324002FD8C5 /* xplist.c in Sources */,
				9602A20D18C1F5BA002FD8C5 /* Date.cpp in Sources */,
				9602A21B18C1F5BA002FD8C5 /* Structure.cpp in Sources */,
				9602A20918C1F5BA002FD8C5 /* Boolean.cpp in Sources */,
				9602A20B18C1F5BA002FD8C5 /* Data.cpp in Sources */,
				9602A21D18C1F5BA002FD8C5 /* Uid.cpp in Sources */,
				9602A21318C1F5BA002FD8C5 /* Key.cpp in Sources */,
				9602A21718C1F5BA002FD8C5 /* Real.cpp in Sources */,
				9602A21918C1F5BA002FD8C5 /* String.cpp in Sources */,
				9602A21118C1F5BA002FD8C5 /* Integer.cpp in Sources */,
				9602A21518C1F5BA002FD8C5 /* Node.cpp in Sources */,
				9602A20718C1F5BA002FD8C5 /* Array.cpp in Sources */,
				9602A20F18C1F5BA002FD8C5 /* Dictionary.cpp in Sources */,
			);
			runOnlyForDeploymentPostprocessing = 0;
		};
		9602A1E818C1F388002FD8C5 /* Sources */ = {
			isa = PBXSourcesBuildPhase;
			buildActionMask = 2147483647;
			files = (
				9602A1EC18C1F388002FD8C5 /* list.c in Sources */,
				9602A1F118C1F388002FD8C5 /* iterator.c in Sources */,
				9602A1EF18C1F388002FD8C5 /* node.c in Sources */,
				9602A1EA18C1F388002FD8C5 /* node_iterator.c in Sources */,
				9602A1F018C1F388002FD8C5 /* node_list.c in Sources */,
				9602A1E918C1F388002FD8C5 /* ptrarray.c in Sources */,
				9602A1EE18C1F388002FD8C5 /* base64.c in Sources */,
				9602A1EB18C1F388002FD8C5 /* hashtable.c in Sources */,
				9602A1F418C1F388002FD8C5 /* bytearray.c in Sources */,
				9602A1ED18C1F388002FD8C5 /* plist.c in Sources */,
				9602A1F318C1F388002FD8C5 /* bplist.c in Sources */,
				9602A1F218C1F388002FD8C5 /* xplist.c in Sources */,
				9602A21818C1F5BA002FD8C5 /* Real.cpp in Sources */,
				9602A21218C1F5BA002FD8C5 /* Integer.cpp in Sources */,
				9602A20E18C1F5BA002FD8C5 /* Date.cpp in Sources */,
				9602A21C18C1F5BA002FD8C5 /* Structure.cpp in Sources */,
				9602A20A18C1F5BA002FD8C5 /* Boolean.cpp in Sources */,
				9602A20C18C1F5BA002FD8C5 /* Data.cpp in Sources */,
				9602A21E18C1F5BA002FD8C5 /* Uid.cpp in Sources */,
				9602A21418C1F5BA002FD8C5 /* Key.cpp in Sources */,
				9602A21A18C1F5BA002FD8C5 /* String.cpp in Sources */,
				9602A21618C1F5BA002FD8C5 /* Node.cpp in Sources */,
				9602A20818C1F5BA002FD8C5 /* Array.cpp in Sources */,
				9602A21018C1F5BA002FD8C5 /* Dictionary.cpp in Sources */,
			);
			runOnlyForDeploymentPostprocessing = 0;
		};
		9649456A18BCF1C900EDE08B /* Sources */ = {
			isa = PBXSourcesBuildPhase;
			buildActionMask = 2147483647;
			files = (
				9649457F18BCF1DA00EDE08B /* ptrarray.c in Sources */,
				9649459518BCF24400EDE08B /* node_iterator.c in Sources */,
				9649457D18BCF1DA00EDE08B /* hashtable.c in Sources */,
				964945C018BD0CBE00EDE08B /* list.c in Sources */,
				9649457E18BCF1DA00EDE08B /* plist.c in Sources */,
				9649457A18BCF1DA00EDE08B /* base64.c in Sources */,
				9649459718BCF24400EDE08B /* node.c in Sources */,
				9649459618BCF24400EDE08B /* node_list.c in Sources */,
				9649459418BCF24400EDE08B /* iterator.c in Sources */,
				9649458018BCF1DA00EDE08B /* xplist.c in Sources */,
				9649457B18BCF1DA00EDE08B /* bplist.c in Sources */,
				9649457C18BCF1DA00EDE08B /* bytearray.c in Sources */,
			);
			runOnlyForDeploymentPostprocessing = 0;
		};
		964945AC18BD08A000EDE08B /* Sources */ = {
			isa = PBXSourcesBuildPhase;
			buildActionMask = 2147483647;
			files = (
				964945AD18BD08A000EDE08B /* ptrarray.c in Sources */,
				964945AE18BD08A000EDE08B /* node_iterator.c in Sources */,
				964945AF18BD08A000EDE08B /* hashtable.c in Sources */,
				964945C118BD0CBE00EDE08B /* list.c in Sources */,
				964945B018BD08A000EDE08B /* plist.c in Sources */,
				964945B118BD08A000EDE08B /* base64.c in Sources */,
				964945B218BD08A000EDE08B /* node.c in Sources */,
				964945B318BD08A000EDE08B /* node_list.c in Sources */,
				964945B418BD08A000EDE08B /* iterator.c in Sources */,
				964945B518BD08A000EDE08B /* xplist.c in Sources */,
				964945B618BD08A000EDE08B /* bplist.c in Sources */,
				964945B718BD08A000EDE08B /* bytearray.c in Sources */,
			);
			runOnlyForDeploymentPostprocessing = 0;
		};
/* End PBXSourcesBuildPhase section */

/* Begin XCBuildConfiguration section */
		9602A1E218C1F324002FD8C5 /* Debug */ = {
			isa = XCBuildConfiguration;
			buildSettings = {
				ALWAYS_SEARCH_USER_PATHS = NO;
				CLANG_CXX_LANGUAGE_STANDARD = "gnu++0x";
				CLANG_CXX_LIBRARY = "libc++";
				CLANG_ENABLE_OBJC_ARC = YES;
				CLANG_WARN_BOOL_CONVERSION = YES;
				CLANG_WARN_CONSTANT_CONVERSION = YES;
				CLANG_WARN_DIRECT_OBJC_ISA_USAGE = YES_ERROR;
				CLANG_WARN_EMPTY_BODY = YES;
				CLANG_WARN_ENUM_CONVERSION = YES;
				CLANG_WARN_INT_CONVERSION = YES;
				CLANG_WARN_OBJC_ROOT_CLASS = YES_ERROR;
				CLANG_WARN__DUPLICATE_METHOD_MATCH = YES;
				COPY_PHASE_STRIP = NO;
				GCC_C_LANGUAGE_STANDARD = gnu99;
				GCC_DYNAMIC_NO_PIC = NO;
				GCC_ENABLE_OBJC_EXCEPTIONS = YES;
				GCC_OPTIMIZATION_LEVEL = 0;
				GCC_PREPROCESSOR_DEFINITIONS = (
					"DEBUG=1",
					"$(inherited)",
				);
				GCC_SYMBOLS_PRIVATE_EXTERN = NO;
				GCC_WARN_64_TO_32_BIT_CONVERSION = NO;
				GCC_WARN_ABOUT_RETURN_TYPE = YES_ERROR;
				GCC_WARN_UNDECLARED_SELECTOR = YES;
				GCC_WARN_UNINITIALIZED_AUTOS = YES;
				GCC_WARN_UNUSED_FUNCTION = YES;
				GCC_WARN_UNUSED_VARIABLE = YES;
				HEADER_SEARCH_PATHS = (
					"$(SRCROOT)/libcnary/include",
					"$(SRCROOT)/include",
					/usr/include/libxml2,
				);
				ONLY_ACTIVE_ARCH = YES;
				PRIVATE_HEADERS_FOLDER_PATH = /usr/local/include/plist;
				PRODUCT_NAME = "plist++";
				SDKROOT = macosx;
				SKIP_INSTALL = YES;
			};
			name = Debug;
		};
		9602A1E318C1F324002FD8C5 /* Release */ = {
			isa = XCBuildConfiguration;
			buildSettings = {
				ALWAYS_SEARCH_USER_PATHS = NO;
				CLANG_CXX_LANGUAGE_STANDARD = "gnu++0x";
				CLANG_CXX_LIBRARY = "libc++";
				CLANG_ENABLE_OBJC_ARC = YES;
				CLANG_WARN_BOOL_CONVERSION = YES;
				CLANG_WARN_CONSTANT_CONVERSION = YES;
				CLANG_WARN_DIRECT_OBJC_ISA_USAGE = YES_ERROR;
				CLANG_WARN_EMPTY_BODY = YES;
				CLANG_WARN_ENUM_CONVERSION = YES;
				CLANG_WARN_INT_CONVERSION = YES;
				CLANG_WARN_OBJC_ROOT_CLASS = YES_ERROR;
				CLANG_WARN__DUPLICATE_METHOD_MATCH = YES;
				COPY_PHASE_STRIP = YES;
				DEBUG_INFORMATION_FORMAT = "dwarf-with-dsym";
				ENABLE_NS_ASSERTIONS = NO;
				GCC_C_LANGUAGE_STANDARD = gnu99;
				GCC_ENABLE_OBJC_EXCEPTIONS = YES;
				GCC_WARN_64_TO_32_BIT_CONVERSION = NO;
				GCC_WARN_ABOUT_RETURN_TYPE = YES_ERROR;
				GCC_WARN_UNDECLARED_SELECTOR = YES;
				GCC_WARN_UNINITIALIZED_AUTOS = YES;
				GCC_WARN_UNUSED_FUNCTION = YES;
				GCC_WARN_UNUSED_VARIABLE = YES;
				HEADER_SEARCH_PATHS = (
					"$(SRCROOT)/libcnary/include",
					"$(SRCROOT)/include",
					/usr/include/libxml2,
				);
				PRIVATE_HEADERS_FOLDER_PATH = /usr/local/include/plist;
				PRODUCT_NAME = "plist++";
				SDKROOT = macosx;
				SKIP_INSTALL = YES;
			};
			name = Release;
		};
		9602A1F818C1F388002FD8C5 /* Debug */ = {
			isa = XCBuildConfiguration;
			buildSettings = {
				ALWAYS_SEARCH_USER_PATHS = NO;
				CLANG_CXX_LANGUAGE_STANDARD = "gnu++0x";
				CLANG_CXX_LIBRARY = "libc++";
				CLANG_ENABLE_OBJC_ARC = YES;
				CLANG_WARN_BOOL_CONVERSION = YES;
				CLANG_WARN_CONSTANT_CONVERSION = YES;
				CLANG_WARN_DIRECT_OBJC_ISA_USAGE = YES_ERROR;
				CLANG_WARN_EMPTY_BODY = YES;
				CLANG_WARN_ENUM_CONVERSION = YES;
				CLANG_WARN_INT_CONVERSION = YES;
				CLANG_WARN_OBJC_ROOT_CLASS = YES_ERROR;
				CLANG_WARN__DUPLICATE_METHOD_MATCH = YES;
				COPY_PHASE_STRIP = NO;
				EXECUTABLE_EXTENSION = dylib;
				GCC_C_LANGUAGE_STANDARD = gnu99;
				GCC_DYNAMIC_NO_PIC = NO;
				GCC_ENABLE_OBJC_EXCEPTIONS = YES;
				GCC_OPTIMIZATION_LEVEL = 0;
				GCC_PREPROCESSOR_DEFINITIONS = (
					"DEBUG=1",
					"$(inherited)",
				);
				GCC_SYMBOLS_PRIVATE_EXTERN = NO;
				GCC_WARN_64_TO_32_BIT_CONVERSION = NO;
				GCC_WARN_ABOUT_RETURN_TYPE = YES_ERROR;
				GCC_WARN_UNDECLARED_SELECTOR = YES;
				GCC_WARN_UNINITIALIZED_AUTOS = YES;
				GCC_WARN_UNUSED_FUNCTION = YES;
				GCC_WARN_UNUSED_VARIABLE = YES;
				HEADER_SEARCH_PATHS = (
					"$(SRCROOT)/libcnary/include",
					"$(SRCROOT)/include",
					/usr/include/libxml2,
				);
				LD_DYLIB_INSTALL_NAME = "@rpath/$(EXECUTABLE_PREFIX)$(PRODUCT_NAME).$(EXECUTABLE_EXTENSION)";
				MACH_O_TYPE = mh_dylib;
				ONLY_ACTIVE_ARCH = YES;
				PRODUCT_NAME = "plist++";
				PUBLIC_HEADERS_FOLDER_PATH = /usr/local/include/plist;
				SDKROOT = macosx;
			};
			name = Debug;
		};
		9602A1F918C1F388002FD8C5 /* Release */ = {
			isa = XCBuildConfiguration;
			buildSettings = {
				ALWAYS_SEARCH_USER_PATHS = NO;
				CLANG_CXX_LANGUAGE_STANDARD = "gnu++0x";
				CLANG_CXX_LIBRARY = "libc++";
				CLANG_ENABLE_OBJC_ARC = YES;
				CLANG_WARN_BOOL_CONVERSION = YES;
				CLANG_WARN_CONSTANT_CONVERSION = YES;
				CLANG_WARN_DIRECT_OBJC_ISA_USAGE = YES_ERROR;
				CLANG_WARN_EMPTY_BODY = YES;
				CLANG_WARN_ENUM_CONVERSION = YES;
				CLANG_WARN_INT_CONVERSION = YES;
				CLANG_WARN_OBJC_ROOT_CLASS = YES_ERROR;
				CLANG_WARN__DUPLICATE_METHOD_MATCH = YES;
				COPY_PHASE_STRIP = YES;
				DEBUG_INFORMATION_FORMAT = "dwarf-with-dsym";
				ENABLE_NS_ASSERTIONS = NO;
				EXECUTABLE_EXTENSION = dylib;
				GCC_C_LANGUAGE_STANDARD = gnu99;
				GCC_ENABLE_OBJC_EXCEPTIONS = YES;
				GCC_WARN_64_TO_32_BIT_CONVERSION = NO;
				GCC_WARN_ABOUT_RETURN_TYPE = YES_ERROR;
				GCC_WARN_UNDECLARED_SELECTOR = YES;
				GCC_WARN_UNINITIALIZED_AUTOS = YES;
				GCC_WARN_UNUSED_FUNCTION = YES;
				GCC_WARN_UNUSED_VARIABLE = YES;
				HEADER_SEARCH_PATHS = (
					"$(SRCROOT)/libcnary/include",
					"$(SRCROOT)/include",
					/usr/include/libxml2,
				);
				LD_DYLIB_INSTALL_NAME = "@rpath/$(EXECUTABLE_PREFIX)$(PRODUCT_NAME).$(EXECUTABLE_EXTENSION)";
				MACH_O_TYPE = mh_dylib;
				PRODUCT_NAME = "plist++";
				PUBLIC_HEADERS_FOLDER_PATH = /usr/local/include/plist;
				SDKROOT = macosx;
			};
			name = Release;
		};
		9649456618BCF13E00EDE08B /* Debug */ = {
			isa = XCBuildConfiguration;
			buildSettings = {
				ARCHS = "$(ARCHS_STANDARD_32_64_BIT)";
				DYLIB_COMPATIBILITY_VERSION = 1.11;
				DYLIB_CURRENT_VERSION = 1.11;
				HEADER_SEARCH_PATHS = (
					"$(SRCROOT)/include",
					"$(SRCROOT)/libcnary/include",
					/usr/include/libxml2,
				);
				MACOSX_DEPLOYMENT_TARGET = 10.7;
				SDKROOT = macosx;
				USE_HEADERMAP = NO;
			};
			name = Debug;
		};
		9649456718BCF13E00EDE08B /* Release */ = {
			isa = XCBuildConfiguration;
			buildSettings = {
				ARCHS = "$(ARCHS_STANDARD_32_64_BIT)";
				DYLIB_COMPATIBILITY_VERSION = 1.11;
				DYLIB_CURRENT_VERSION = 1.11;
				HEADER_SEARCH_PATHS = (
					"$(SRCROOT)/include",
					"$(SRCROOT)/libcnary/include",
					/usr/include/libxml2,
				);
				MACOSX_DEPLOYMENT_TARGET = 10.7;
				SDKROOT = macosx;
				USE_HEADERMAP = NO;
			};
			name = Release;
		};
		9649457118BCF1C900EDE08B /* Debug */ = {
			isa = XCBuildConfiguration;
			buildSettings = {
				ALWAYS_SEARCH_USER_PATHS = NO;
				CLANG_CXX_LANGUAGE_STANDARD = "gnu++0x";
				CLANG_CXX_LIBRARY = "libc++";
				CLANG_ENABLE_OBJC_ARC = YES;
				CLANG_WARN_BOOL_CONVERSION = YES;
				CLANG_WARN_CONSTANT_CONVERSION = YES;
				CLANG_WARN_DIRECT_OBJC_ISA_USAGE = YES_ERROR;
				CLANG_WARN_EMPTY_BODY = YES;
				CLANG_WARN_ENUM_CONVERSION = YES;
				CLANG_WARN_INT_CONVERSION = YES;
				CLANG_WARN_OBJC_ROOT_CLASS = YES_ERROR;
				CLANG_WARN__DUPLICATE_METHOD_MATCH = YES;
				COPY_PHASE_STRIP = NO;
				GCC_C_LANGUAGE_STANDARD = gnu99;
				GCC_DYNAMIC_NO_PIC = NO;
				GCC_ENABLE_OBJC_EXCEPTIONS = YES;
				GCC_OPTIMIZATION_LEVEL = 0;
				GCC_PREPROCESSOR_DEFINITIONS = (
					"DEBUG=1",
					"$(inherited)",
				);
				GCC_SYMBOLS_PRIVATE_EXTERN = NO;
				GCC_WARN_64_TO_32_BIT_CONVERSION = NO;
				GCC_WARN_ABOUT_RETURN_TYPE = YES_ERROR;
				GCC_WARN_UNDECLARED_SELECTOR = YES;
				GCC_WARN_UNINITIALIZED_AUTOS = YES;
				GCC_WARN_UNUSED_FUNCTION = YES;
				GCC_WARN_UNUSED_VARIABLE = YES;
				ONLY_ACTIVE_ARCH = YES;
				PRIVATE_HEADERS_FOLDER_PATH = /usr/local/include/plist;
				PRODUCT_NAME = plist;
				SDKROOT = macosx;
				SKIP_INSTALL = YES;
			};
			name = Debug;
		};
		9649457218BCF1C900EDE08B /* Release */ = {
			isa = XCBuildConfiguration;
			buildSettings = {
				ALWAYS_SEARCH_USER_PATHS = NO;
				CLANG_CXX_LANGUAGE_STANDARD = "gnu++0x";
				CLANG_CXX_LIBRARY = "libc++";
				CLANG_ENABLE_OBJC_ARC = YES;
				CLANG_WARN_BOOL_CONVERSION = YES;
				CLANG_WARN_CONSTANT_CONVERSION = YES;
				CLANG_WARN_DIRECT_OBJC_ISA_USAGE = YES_ERROR;
				CLANG_WARN_EMPTY_BODY = YES;
				CLANG_WARN_ENUM_CONVERSION = YES;
				CLANG_WARN_INT_CONVERSION = YES;
				CLANG_WARN_OBJC_ROOT_CLASS = YES_ERROR;
				CLANG_WARN__DUPLICATE_METHOD_MATCH = YES;
				COPY_PHASE_STRIP = YES;
				DEBUG_INFORMATION_FORMAT = "dwarf-with-dsym";
				ENABLE_NS_ASSERTIONS = NO;
				GCC_C_LANGUAGE_STANDARD = gnu99;
				GCC_ENABLE_OBJC_EXCEPTIONS = YES;
				GCC_WARN_64_TO_32_BIT_CONVERSION = NO;
				GCC_WARN_ABOUT_RETURN_TYPE = YES_ERROR;
				GCC_WARN_UNDECLARED_SELECTOR = YES;
				GCC_WARN_UNINITIALIZED_AUTOS = YES;
				GCC_WARN_UNUSED_FUNCTION = YES;
				GCC_WARN_UNUSED_VARIABLE = YES;
				PRIVATE_HEADERS_FOLDER_PATH = /usr/local/include/plist;
				PRODUCT_NAME = plist;
				SDKROOT = macosx;
				SKIP_INSTALL = YES;
			};
			name = Release;
		};
		964945BA18BD08A000EDE08B /* Debug */ = {
			isa = XCBuildConfiguration;
			buildSettings = {
				ALWAYS_SEARCH_USER_PATHS = NO;
				CLANG_CXX_LANGUAGE_STANDARD = "gnu++0x";
				CLANG_CXX_LIBRARY = "libc++";
				CLANG_ENABLE_OBJC_ARC = YES;
				CLANG_WARN_BOOL_CONVERSION = YES;
				CLANG_WARN_CONSTANT_CONVERSION = YES;
				CLANG_WARN_DIRECT_OBJC_ISA_USAGE = YES_ERROR;
				CLANG_WARN_EMPTY_BODY = YES;
				CLANG_WARN_ENUM_CONVERSION = YES;
				CLANG_WARN_INT_CONVERSION = YES;
				CLANG_WARN_OBJC_ROOT_CLASS = YES_ERROR;
				CLANG_WARN__DUPLICATE_METHOD_MATCH = YES;
				COPY_PHASE_STRIP = NO;
				EXECUTABLE_EXTENSION = dylib;
				GCC_C_LANGUAGE_STANDARD = gnu99;
				GCC_DYNAMIC_NO_PIC = NO;
				GCC_ENABLE_OBJC_EXCEPTIONS = YES;
				GCC_OPTIMIZATION_LEVEL = 0;
				GCC_PREPROCESSOR_DEFINITIONS = (
					"DEBUG=1",
					"$(inherited)",
				);
				GCC_SYMBOLS_PRIVATE_EXTERN = NO;
				GCC_WARN_64_TO_32_BIT_CONVERSION = NO;
				GCC_WARN_ABOUT_RETURN_TYPE = YES_ERROR;
				GCC_WARN_UNDECLARED_SELECTOR = YES;
				GCC_WARN_UNINITIALIZED_AUTOS = YES;
				GCC_WARN_UNUSED_FUNCTION = YES;
				GCC_WARN_UNUSED_VARIABLE = YES;
				LD_DYLIB_INSTALL_NAME = "@rpath/$(EXECUTABLE_NAME)";
				MACH_O_TYPE = mh_dylib;
				ONLY_ACTIVE_ARCH = YES;
				PRODUCT_NAME = plist;
				PUBLIC_HEADERS_FOLDER_PATH = /usr/local/include/plist;
				SDKROOT = macosx;
			};
			name = Debug;
		};
		964945BB18BD08A000EDE08B /* Release */ = {
			isa = XCBuildConfiguration;
			buildSettings = {
				ALWAYS_SEARCH_USER_PATHS = NO;
				CLANG_CXX_LANGUAGE_STANDARD = "gnu++0x";
				CLANG_CXX_LIBRARY = "libc++";
				CLANG_ENABLE_OBJC_ARC = YES;
				CLANG_WARN_BOOL_CONVERSION = YES;
				CLANG_WARN_CONSTANT_CONVERSION = YES;
				CLANG_WARN_DIRECT_OBJC_ISA_USAGE = YES_ERROR;
				CLANG_WARN_EMPTY_BODY = YES;
				CLANG_WARN_ENUM_CONVERSION = YES;
				CLANG_WARN_INT_CONVERSION = YES;
				CLANG_WARN_OBJC_ROOT_CLASS = YES_ERROR;
				CLANG_WARN__DUPLICATE_METHOD_MATCH = YES;
				COPY_PHASE_STRIP = YES;
				DEBUG_INFORMATION_FORMAT = "dwarf-with-dsym";
				ENABLE_NS_ASSERTIONS = NO;
				EXECUTABLE_EXTENSION = dylib;
				GCC_C_LANGUAGE_STANDARD = gnu99;
				GCC_ENABLE_OBJC_EXCEPTIONS = YES;
				GCC_WARN_64_TO_32_BIT_CONVERSION = NO;
				GCC_WARN_ABOUT_RETURN_TYPE = YES_ERROR;
				GCC_WARN_UNDECLARED_SELECTOR = YES;
				GCC_WARN_UNINITIALIZED_AUTOS = YES;
				GCC_WARN_UNUSED_FUNCTION = YES;
				GCC_WARN_UNUSED_VARIABLE = YES;
				LD_DYLIB_INSTALL_NAME = "@rpath/$(EXECUTABLE_NAME)";
				MACH_O_TYPE = mh_dylib;
				PRODUCT_NAME = plist;
				PUBLIC_HEADERS_FOLDER_PATH = /usr/local/include/plist;
				SDKROOT = macosx;
			};
			name = Release;
		};
/* End XCBuildConfiguration section */

/* Begin XCConfigurationList section */
		9602A1E118C1F324002FD8C5 /* Build configuration list for PBXNativeTarget "libplist++-static" */ = {
			isa = XCConfigurationList;
			buildConfigurations = (
				9602A1E218C1F324002FD8C5 /* Debug */,
				9602A1E318C1F324002FD8C5 /* Release */,
			);
			defaultConfigurationIsVisible = 0;
			defaultConfigurationName = Release;
		};
		9602A1F718C1F388002FD8C5 /* Build configuration list for PBXNativeTarget "libplist++-dylib" */ = {
			isa = XCConfigurationList;
			buildConfigurations = (
				9602A1F818C1F388002FD8C5 /* Debug */,
				9602A1F918C1F388002FD8C5 /* Release */,
			);
			defaultConfigurationIsVisible = 0;
			defaultConfigurationName = Release;
		};
		9649456518BCF13E00EDE08B /* Build configuration list for PBXProject "libplist" */ = {
			isa = XCConfigurationList;
			buildConfigurations = (
				9649456618BCF13E00EDE08B /* Debug */,
				9649456718BCF13E00EDE08B /* Release */,
			);
			defaultConfigurationIsVisible = 0;
			defaultConfigurationName = Release;
		};
		9649457018BCF1C900EDE08B /* Build configuration list for PBXNativeTarget "libplist-static" */ = {
			isa = XCConfigurationList;
			buildConfigurations = (
				9649457118BCF1C900EDE08B /* Debug */,
				9649457218BCF1C900EDE08B /* Release */,
			);
			defaultConfigurationIsVisible = 0;
			defaultConfigurationName = Release;
		};
		964945B918BD08A000EDE08B /* Build configuration list for PBXNativeTarget "libplist-dylib" */ = {
			isa = XCConfigurationList;
			buildConfigurations = (
				964945BA18BD08A000EDE08B /* Debug */,
				964945BB18BD08A000EDE08B /* Release */,
			);
			defaultConfigurationIsVisible = 0;
			defaultConfigurationName = Release;
		};
/* End XCConfigurationList section */
	};
	rootObject = 9649456218BCF13E00EDE08B /* Project object */;
}
